
Microsoft Visual Studio Solution File, Format Version 12.00
# Visual Studio Version 16
VisualStudioVersion = 16.0.31402.337
MinimumVisualStudioVersion = 10.0.40219.1
Project("{FAE04EC0-301F-11D3-BF4B-00C04F79EFBC}") = "DisplayCSVFile", "DisplayCSVFile.csproj", "{18A1788F-3E57-4589-A124-0237F64370D0}"
EndProject
Global
	GlobalSection(SolutionConfigurationPlatforms) = preSolution
		Debug|Any CPU = Debug|Any CPU
		Release|Any CPU = Release|Any CPU
	EndGlobalSection
	GlobalSection(ProjectConfigurationPlatforms) = postSolution
		{18A1788F-3E57-4589-A124-0237F64370D0}.Debug|Any CPU.ActiveCfg = Debug|Any CPU
		{18A1788F-3E57-4589-A124-0237F64370D0}.Debug|Any CPU.Build.0 = Debug|Any CPU
		{18A1788F-3E57-4589-A124-0237F64370D0}.Release|Any CPU.ActiveCfg = Release|Any CPU
		{18A1788F-3E57-4589-A124-0237F64370D0}.Release|Any CPU.Build.0 = Release|Any CPU
	EndGlobalSection
	GlobalSection(SolutionProperties) = preSolution
		HideSolutionNode = FALSE
	EndGlobalSection
	GlobalSection(ExtensibilityGlobals) = postSolution
		SolutionGuid = {DAEFDF6A-A951-4B79-A51D-88DEBC123FB7}
	EndGlobalSection
EndGlobal
